// !$*UTF8*$!
{
	archiveVersion = 1;
	classes = {
	};
	objectVersion = 50;
	objects = {

/* Begin PBXBuildFile section */
		0F51534525C1BAA2001ED9FA /* Project17_FlashzillaApp.swift in Sources */ = {isa = PBXBuildFile; fileRef = 0F51534425C1BAA2001ED9FA /* Project17_FlashzillaApp.swift */; };
		0F51534725C1BAA2001ED9FA /* ContentView.swift in Sources */ = {isa = PBXBuildFile; fileRef = 0F51534625C1BAA2001ED9FA /* ContentView.swift */; };
		0F51534925C1BAA4001ED9FA /* Assets.xcassets in Resources */ = {isa = PBXBuildFile; fileRef = 0F51534825C1BAA4001ED9FA /* Assets.xcassets */; };
		0F51534C25C1BAA4001ED9FA /* Preview Assets.xcassets in Resources */ = {isa = PBXBuildFile; fileRef = 0F51534B25C1BAA4001ED9FA /* Preview Assets.xcassets */; };
		0F51535525C1C05C001ED9FA /* Card.swift in Sources */ = {isa = PBXBuildFile; fileRef = 0F51535425C1C05C001ED9FA /* Card.swift */; };
		0F51535E25C1C6E9001ED9FA /* CardView.swift in Sources */ = {isa = PBXBuildFile; fileRef = 0F51535D25C1C6E9001ED9FA /* CardView.swift */; };
		0F51536125C1D0CB001ED9FA /* EditCards.swift in Sources */ = {isa = PBXBuildFile; fileRef = 0F51536025C1D0CB001ED9FA /* EditCards.swift */; };
/* End PBXBuildFile section */

/* Begin PBXFileReference section */
		0F51534125C1BAA2001ED9FA /* Project17-Flashzilla.app */ = {isa = PBXFileReference; explicitFileType = wrapper.application; includeInIndex = 0; path = "Project17-Flashzilla.app"; sourceTree = BUILT_PRODUCTS_DIR; };
		0F51534425C1BAA2001ED9FA /* Project17_FlashzillaApp.swift */ = {isa = PBXFileReference; lastKnownFileType = sourcecode.swift; path = Project17_FlashzillaApp.swift; sourceTree = "<group>"; };
		0F51534625C1BAA2001ED9FA /* ContentView.swift */ = {isa = PBXFileReference; lastKnownFileType = sourcecode.swift; path = ContentView.swift; sourceTree = "<group>"; };
		0F51534825C1BAA4001ED9FA /* Assets.xcassets */ = {isa = PBXFileReference; lastKnownFileType = folder.assetcatalog; path = Assets.xcassets; sourceTree = "<group>"; };
		0F51534B25C1BAA4001ED9FA /* Preview Assets.xcassets */ = {isa = PBXFileReference; lastKnownFileType = folder.assetcatalog; path = "Preview Assets.xcassets"; sourceTree = "<group>"; };
		0F51534D25C1BAA4001ED9FA /* Info.plist */ = {isa = PBXFileReference; lastKnownFileType = text.plist.xml; path = Info.plist; sourceTree = "<group>"; };
		0F51535425C1C05C001ED9FA /* Card.swift */ = {isa = PBXFileReference; lastKnownFileType = sourcecode.swift; path = Card.swift; sourceTree = "<group>"; };
		0F51535D25C1C6E9001ED9FA /* CardView.swift */ = {isa = PBXFileReference; lastKnownFileType = sourcecode.swift; path = CardView.swift; sourceTree = "<group>"; };
		0F51536025C1D0CB001ED9FA /* EditCards.swift */ = {isa = PBXFileReference; lastKnownFileType = sourcecode.swift; path = EditCards.swift; sourceTree = "<group>"; };
/* End PBXFileReference section */

/* Begin PBXFrameworksBuildPhase section */
		0F51533E25C1BAA2001ED9FA /* Frameworks */ = {
			isa = PBXFrameworksBuildPhase;
			buildActionMask = 2147483647;
			files = (
			);
			runOnlyForDeploymentPostprocessing = 0;
		};
/* End PBXFrameworksBuildPhase section */

/* Begin PBXGroup section */
		0F51533825C1BAA1001ED9FA = {
			isa = PBXGroup;
			children = (
				0F51534325C1BAA2001ED9FA /* Project17-Flashzilla */,
				0F51534225C1BAA2001ED9FA /* Products */,
			);
			sourceTree = "<group>";
		};
		0F51534225C1BAA2001ED9FA /* Products */ = {
			isa = PBXGroup;
			children = (
				0F51534125C1BAA2001ED9FA /* Project17-Flashzilla.app */,
			);
			name = Products;
			sourceTree = "<group>";
		};
		0F51534325C1BAA2001ED9FA /* Project17-Flashzilla */ = {
			isa = PBXGroup;
			children = (
				0F51534425C1BAA2001ED9FA /* Project17_FlashzillaApp.swift */,
				0F51534625C1BAA2001ED9FA /* ContentView.swift */,
				0F51535D25C1C6E9001ED9FA /* CardView.swift */,
				0F51535425C1C05C001ED9FA /* Card.swift */,
				0F51536025C1D0CB001ED9FA /* EditCards.swift */,
				0F51534825C1BAA4001ED9FA /* Assets.xcassets */,
				0F51534D25C1BAA4001ED9FA /* Info.plist */,
				0F51534A25C1BAA4001ED9FA /* Preview Content */,
			);
			path = "Project17-Flashzilla";
			sourceTree = "<group>";
		};
		0F51534A25C1BAA4001ED9FA /* Preview Content */ = {
			isa = PBXGroup;
			children = (
				0F51534B25C1BAA4001ED9FA /* Preview Assets.xcassets */,
			);
			path = "Preview Content";
			sourceTree = "<group>";
		};
/* End PBXGroup section */

/* Begin PBXNativeTarget section */
		0F51534025C1BAA2001ED9FA /* Project17-Flashzilla */ = {
			isa = PBXNativeTarget;
			buildConfigurationList = 0F51535025C1BAA4001ED9FA /* Build configuration list for PBXNativeTarget "Project17-Flashzilla" */;
			buildPhases = (
				0F51533D25C1BAA2001ED9FA /* Sources */,
				0F51533E25C1BAA2001ED9FA /* Frameworks */,
				0F51533F25C1BAA2001ED9FA /* Resources */,
			);
			buildRules = (
			);
			dependencies = (
			);
			name = "Project17-Flashzilla";
			productName = "Project17-Flashzilla";
			productReference = 0F51534125C1BAA2001ED9FA /* Project17-Flashzilla.app */;
			productType = "com.apple.product-type.application";
		};
/* End PBXNativeTarget section */

/* Begin PBXProject section */
		0F51533925C1BAA1001ED9FA /* Project object */ = {
			isa = PBXProject;
			attributes = {
				LastSwiftUpdateCheck = 1230;
				LastUpgradeCheck = 1230;
				TargetAttributes = {
					0F51534025C1BAA2001ED9FA = {
						CreatedOnToolsVersion = 12.3;
					};
				};
			};
			buildConfigurationList = 0F51533C25C1BAA1001ED9FA /* Build configuration list for PBXProject "Project17-Flashzilla" */;
			compatibilityVersion = "Xcode 9.3";
			developmentRegion = en;
			hasScannedForEncodings = 0;
			knownRegions = (
				en,
				Base,
			);
			mainGroup = 0F51533825C1BAA1001ED9FA;
			productRefGroup = 0F51534225C1BAA2001ED9FA /* Products */;
			projectDirPath = "";
			projectRoot = "";
			targets = (
				0F51534025C1BAA2001ED9FA /* Project17-Flashzilla */,
			);
		};
/* End PBXProject section */

/* Begin PBXResourcesBuildPhase section */
		0F51533F25C1BAA2001ED9FA /* Resources */ = {
			isa = PBXResourcesBuildPhase;
			buildActionMask = 2147483647;
			files = (
				0F51534C25C1BAA4001ED9FA /* Preview Assets.xcassets in Resources */,
				0F51534925C1BAA4001ED9FA /* Assets.xcassets in Resources */,
			);
			runOnlyForDeploymentPostprocessing = 0;
		};
/* End PBXResourcesBuildPhase section */

/* Begin PBXSourcesBuildPhase section */
		0F51533D25C1BAA2001ED9FA /* Sources */ = {
			isa = PBXSourcesBuildPhase;
			buildActionMask = 2147483647;
			files = (
				0F51534725C1BAA2001ED9FA /* ContentView.swift in Sources */,
				0F51535525C1C05C001ED9FA /* Card.swift in Sources */,
				0F51535E25C1C6E9001ED9FA /* CardView.swift in Sources */,
				0F51536125C1D0CB001ED9FA /* EditCards.swift in Sources */,
				0F51534525C1BAA2001ED9FA /* Project17_FlashzillaApp.swift in Sources */,
			);
			runOnlyForDeploymentPostprocessing = 0;
		};
/* End PBXSourcesBuildPhase section */

/* Begin XCBuildConfiguration section */
		0F51534E25C1BAA4001ED9FA /* Debug */ = {
			isa = XCBuildConfiguration;
			buildSettings = {
				ALWAYS_SEARCH_USER_PATHS = NO;
				CLANG_ANALYZER_NONNULL = YES;
				CLANG_ANALYZER_NUMBER_OBJECT_CONVERSION = YES_AGGRESSIVE;
				CLANG_CXX_LANGUAGE_STANDARD = "gnu++14";
				CLANG_CXX_LIBRARY = "libc++";
				CLANG_ENABLE_MODULES = YES;
				CLANG_ENABLE_OBJC_ARC = YES;
				CLANG_ENABLE_OBJC_WEAK = YES;
				CLANG_WARN_BLOCK_CAPTURE_AUTORELEASING = YES;
				CLANG_WARN_BOOL_CONVERSION = YES;
				CLANG_WARN_COMMA = YES;
				CLANG_WARN_CONSTANT_CONVERSION = YES;
				CLANG_WARN_DEPRECATED_OBJC_IMPLEMENTATIONS = YES;
				CLANG_WARN_DIRECT_OBJC_ISA_USAGE = YES_ERROR;
				CLANG_WARN_DOCUMENTATION_COMMENTS = YES;
				CLANG_WARN_EMPTY_BODY = YES;
				CLANG_WARN_ENUM_CONVERSION = YES;
				CLANG_WARN_INFINITE_RECURSION = YES;
				CLANG_WARN_INT_CONVERSION = YES;
				CLANG_WARN_NON_LITERAL_NULL_CONVERSION = YES;
				CLANG_WARN_OBJC_IMPLICIT_RETAIN_SELF = YES;
				CLANG_WARN_OBJC_LITERAL_CONVERSION = YES;
				CLANG_WARN_OBJC_ROOT_CLASS = YES_ERROR;
				CLANG_WARN_QUOTED_INCLUDE_IN_FRAMEWORK_HEADER = YES;
				CLANG_WARN_RANGE_LOOP_ANALYSIS = YES;
				CLANG_WARN_STRICT_PROTOTYPES = YES;
				CLANG_WARN_SUSPICIOUS_MOVE = YES;
				CLANG_WARN_UNGUARDED_AVAILABILITY = YES_AGGRESSIVE;
				CLANG_WARN_UNREACHABLE_CODE = YES;
				CLANG_WARN__DUPLICATE_METHOD_MATCH = YES;
				COPY_PHASE_STRIP = NO;
				DEBUG_INFORMATION_FORMAT = dwarf;
				ENABLE_STRICT_OBJC_MSGSEND = YES;
				ENABLE_TESTABILITY = YES;
				GCC_C_LANGUAGE_STANDARD = gnu11;
				GCC_DYNAMIC_NO_PIC = NO;
				GCC_NO_COMMON_BLOCKS = YES;
				GCC_OPTIMIZATION_LEVEL = 0;
				GCC_PREPROCESSOR_DEFINITIONS = (
					"DEBUG=1",
					"$(inherited)",
				);
				GCC_WARN_64_TO_32_BIT_CONVERSION = YES;
				GCC_WARN_ABOUT_RETURN_TYPE = YES_ERROR;
				GCC_WARN_UNDECLARED_SELECTOR = YES;
				GCC_WARN_UNINITIALIZED_AUTOS = YES_AGGRESSIVE;
				GCC_WARN_UNUSED_FUNCTION = YES;
				GCC_WARN_UNUSED_VARIABLE = YES;
				IPHONEOS_DEPLOYMENT_TARGET = 14.3;
				MTL_ENABLE_DEBUG_INFO = INCLUDE_SOURCE;
				MTL_FAST_MATH = YES;
				ONLY_ACTIVE_ARCH = YES;
				SDKROOT = iphoneos;
				SWIFT_ACTIVE_COMPILATION_CONDITIONS = DEBUG;
				SWIFT_OPTIMIZATION_LEVEL = "-Onone";
			};
			name = Debug;
		};
		0F51534F25C1BAA4001ED9FA /* Release */ = {
			isa = XCBuildConfiguration;
			buildSettings = {
				ALWAYS_SEARCH_USER_PATHS = NO;
				CLANG_ANALYZER_NONNULL = YES;
				CLANG_ANALYZER_NUMBER_OBJECT_CONVERSION = YES_AGGRESSIVE;
				CLANG_CXX_LANGUAGE_STANDARD = "gnu++14";
				CLANG_CXX_LIBRARY = "libc++";
				CLANG_ENABLE_MODULES = YES;
				CLANG_ENABLE_OBJC_ARC = YES;
				CLANG_ENABLE_OBJC_WEAK = YES;
				CLANG_WARN_BLOCK_CAPTURE_AUTORELEASING = YES;
				CLANG_WARN_BOOL_CONVERSION = YES;
				CLANG_WARN_COMMA = YES;
				CLANG_WARN_CONSTANT_CONVERSION = YES;
				CLANG_WARN_DEPRECATED_OBJC_IMPLEMENTATIONS = YES;
				CLANG_WARN_DIRECT_OBJC_ISA_USAGE = YES_ERROR;
				CLANG_WARN_DOCUMENTATION_COMMENTS = YES;
				CLANG_WARN_EMPTY_BODY = YES;
				CLANG_WARN_ENUM_CONVERSION = YES;
				CLANG_WARN_INFINITE_RECURSION = YES;
				CLANG_WARN_INT_CONVERSION = YES;
				CLANG_WARN_NON_LITERAL_NULL_CONVERSION = YES;
				CLANG_WARN_OBJC_IMPLICIT_RETAIN_SELF = YES;
				CLANG_WARN_OBJC_LITERAL_CONVERSION = YES;
				CLANG_WARN_OBJC_ROOT_CLASS = YES_ERROR;
				CLANG_WARN_QUOTED_INCLUDE_IN_FRAMEWORK_HEADER = YES;
				CLANG_WARN_RANGE_LOOP_ANALYSIS = YES;
				CLANG_WARN_STRICT_PROTOTYPES = YES;
				CLANG_WARN_SUSPICIOUS_MOVE = YES;
				CLANG_WARN_UNGUARDED_AVAILABILITY = YES_AGGRESSIVE;
				CLANG_WARN_UNREACHABLE_CODE = YES;
				CLANG_WARN__DUPLICATE_METHOD_MATCH = YES;
				COPY_PHASE_STRIP = NO;
				DEBUG_INFORMATION_FORMAT = "dwarf-with-dsym";
				ENABLE_NS_ASSERTIONS = NO;
				ENABLE_STRICT_OBJC_MSGSEND = YES;
				GCC_C_LANGUAGE_STANDARD = gnu11;
				GCC_NO_COMMON_BLOCKS = YES;
				GCC_WARN_64_TO_32_BIT_CONVERSION = YES;
				GCC_WARN_ABOUT_RETURN_TYPE = YES_ERROR;
				GCC_WARN_UNDECLARED_SELECTOR = YES;
				GCC_WARN_UNINITIALIZED_AUTOS = YES_AGGRESSIVE;
				GCC_WARN_UNUSED_FUNCTION = YES;
				GCC_WARN_UNUSED_VARIABLE = YES;
				IPHONEOS_DEPLOYMENT_TARGET = 14.3;
				MTL_ENABLE_DEBUG_INFO = NO;
				MTL_FAST_MATH = YES;
				SDKROOT = iphoneos;
				SWIFT_COMPILATION_MODE = wholemodule;
				SWIFT_OPTIMIZATION_LEVEL = "-O";
				VALIDATE_PRODUCT = YES;
			};
			name = Release;
		};
		0F51535125C1BAA4001ED9FA /* Debug */ = {
			isa = XCBuildConfiguration;
			buildSettings = {
				ASSETCATALOG_COMPILER_APPICON_NAME = AppIcon;
				ASSETCATALOG_COMPILER_GLOBAL_ACCENT_COLOR_NAME = AccentColor;
				CODE_SIGN_STYLE = Automatic;
				DEVELOPMENT_ASSET_PATHS = "\"Project17-Flashzilla/Preview Content\"";
				DEVELOPMENT_TEAM = ZU6CF5F4PX;
				ENABLE_PREVIEWS = YES;
				INFOPLIST_FILE = "Project17-Flashzilla/Info.plist";
				IPHONEOS_DEPLOYMENT_TARGET = 14.0;
				LD_RUNPATH_SEARCH_PATHS = (
					"$(inherited)",
					"@executable_path/Frameworks",
				);
				PRODUCT_BUNDLE_IDENTIFIER = "ch.arnaudmiguet.Project17-Flashzilla";
				PRODUCT_NAME = "$(TARGET_NAME)";
				SWIFT_VERSION = 5.0;
				TARGETED_DEVICE_FAMILY = "1,2";
			};
			name = Debug;
		};
		0F51535225C1BAA4001ED9FA /* Release */ = {
			isa = XCBuildConfiguration;
			buildSettings = {
				ASSETCATALOG_COMPILER_APPICON_NAME = AppIcon;
				ASSETCATALOG_COMPILER_GLOBAL_ACCENT_COLOR_NAME = AccentColor;
				CODE_SIGN_STYLE = Automatic;
				DEVELOPMENT_ASSET_PATHS = "\"Project17-Flashzilla/Preview Content\"";
				DEVELOPMENT_TEAM = ZU6CF5F4PX;
				ENABLE_PREVIEWS = YES;
				INFOPLIST_FILE = "Project17-Flashzilla/Info.plist";
				IPHONEOS_DEPLOYMENT_TARGET = 14.0;
				LD_RUNPATH_SEARCH_PATHS = (
					"$(inherited)",
					"@executable_path/Frameworks",
				);
				PRODUCT_BUNDLE_IDENTIFIER = "ch.arnaudmiguet.Project17-Flashzilla";
				PRODUCT_NAME = "$(TARGET_NAME)";
				SWIFT_VERSION = 5.0;
				TARGETED_DEVICE_FAMILY = "1,2";
			};
			name = Release;
		};
/* End XCBuildConfiguration section */

/* Begin XCConfigurationList section */
		0F51533C25C1BAA1001ED9FA /* Build configuration list for PBXProject "Project17-Flashzilla" */ = {
			isa = XCConfigurationList;
			buildConfigurations = (
				0F51534E25C1BAA4001ED9FA /* Debug */,
				0F51534F25C1BAA4001ED9FA /* Release */,
			);
			defaultConfigurationIsVisible = 0;
			defaultConfigurationName = Release;
		};
		0F51535025C1BAA4001ED9FA /* Build configuration list for PBXNativeTarget "Project17-Flashzilla" */ = {
			isa = XCConfigurationList;
			buildConfigurations = (
				0F51535125C1BAA4001ED9FA /* Debug */,
				0F51535225C1BAA4001ED9FA /* Release */,
			);
			defaultConfigurationIsVisible = 0;
			defaultConfigurationName = Release;
		};
/* End XCConfigurationList section */
	};
	rootObject = 0F51533925C1BAA1001ED9FA /* Project object */;
}
