// !$*UTF8*$!
{
	archiveVersion = 1;
	classes = {
	};
	objectVersion = 50;
	objects = {

/* Begin PBXBuildFile section */
		0FB7D8CA25B6E0F100309E36 /* AppDelegate.swift in Sources */ = {isa = PBXBuildFile; fileRef = 0FB7D8C925B6E0F100309E36 /* AppDelegate.swift */; };
		0FB7D8CC25B6E0F100309E36 /* GameScene.sks in Resources */ = {isa = PBXBuildFile; fileRef = 0FB7D8CB25B6E0F100309E36 /* GameScene.sks */; };
		0FB7D8D025B6E0F100309E36 /* GameScene.swift in Sources */ = {isa = PBXBuildFile; fileRef = 0FB7D8CF25B6E0F100309E36 /* GameScene.swift */; };
		0FB7D8D225B6E0F100309E36 /* GameViewController.swift in Sources */ = {isa = PBXBuildFile; fileRef = 0FB7D8D125B6E0F100309E36 /* GameViewController.swift */; };
		0FB7D8D525B6E0F100309E36 /* Main.storyboard in Resources */ = {isa = PBXBuildFile; fileRef = 0FB7D8D325B6E0F100309E36 /* Main.storyboard */; };
		0FB7D8D725B6E0F400309E36 /* Assets.xcassets in Resources */ = {isa = PBXBuildFile; fileRef = 0FB7D8D625B6E0F400309E36 /* Assets.xcassets */; };
		0FB7D8E825B6E19700309E36 /* coin.wav in Resources */ = {isa = PBXBuildFile; fileRef = 0FB7D8E325B6E19700309E36 /* coin.wav */; };
		0FB7D8E925B6E19700309E36 /* explosion.wav in Resources */ = {isa = PBXBuildFile; fileRef = 0FB7D8E425B6E19700309E36 /* explosion.wav */; };
		0FB7D8EA25B6E19700309E36 /* music.m4a in Resources */ = {isa = PBXBuildFile; fileRef = 0FB7D8E525B6E19700309E36 /* music.m4a */; };
		0FB7D8EB25B6E19700309E36 /* PlayerExplosion.sks in Resources */ = {isa = PBXBuildFile; fileRef = 0FB7D8E625B6E19700309E36 /* PlayerExplosion.sks */; };
		0FB7D8EC25B6E19700309E36 /* spark.png in Resources */ = {isa = PBXBuildFile; fileRef = 0FB7D8E725B6E19700309E36 /* spark.png */; };
/* End PBXBuildFile section */

/* Begin PBXFileReference section */
		0FB7D8C625B6E0F100309E36 /* Project36-CrashyPlane.app */ = {isa = PBXFileReference; explicitFileType = wrapper.application; includeInIndex = 0; path = "Project36-CrashyPlane.app"; sourceTree = BUILT_PRODUCTS_DIR; };
		0FB7D8C925B6E0F100309E36 /* AppDelegate.swift */ = {isa = PBXFileReference; lastKnownFileType = sourcecode.swift; path = AppDelegate.swift; sourceTree = "<group>"; };
		0FB7D8CB25B6E0F100309E36 /* GameScene.sks */ = {isa = PBXFileReference; lastKnownFileType = file.sks; path = GameScene.sks; sourceTree = "<group>"; };
		0FB7D8CF25B6E0F100309E36 /* GameScene.swift */ = {isa = PBXFileReference; lastKnownFileType = sourcecode.swift; path = GameScene.swift; sourceTree = "<group>"; };
		0FB7D8D125B6E0F100309E36 /* GameViewController.swift */ = {isa = PBXFileReference; lastKnownFileType = sourcecode.swift; path = GameViewController.swift; sourceTree = "<group>"; };
		0FB7D8D425B6E0F100309E36 /* Base */ = {isa = PBXFileReference; lastKnownFileType = file.storyboard; name = Base; path = Base.lproj/Main.storyboard; sourceTree = "<group>"; };
		0FB7D8D625B6E0F400309E36 /* Assets.xcassets */ = {isa = PBXFileReference; lastKnownFileType = folder.assetcatalog; path = Assets.xcassets; sourceTree = "<group>"; };
		0FB7D8D825B6E0F400309E36 /* Info.plist */ = {isa = PBXFileReference; lastKnownFileType = text.plist.xml; path = Info.plist; sourceTree = "<group>"; };
		0FB7D8E325B6E19700309E36 /* coin.wav */ = {isa = PBXFileReference; lastKnownFileType = audio.wav; path = coin.wav; sourceTree = "<group>"; };
		0FB7D8E425B6E19700309E36 /* explosion.wav */ = {isa = PBXFileReference; lastKnownFileType = audio.wav; path = explosion.wav; sourceTree = "<group>"; };
		0FB7D8E525B6E19700309E36 /* music.m4a */ = {isa = PBXFileReference; lastKnownFileType = file; path = music.m4a; sourceTree = "<group>"; };
		0FB7D8E625B6E19700309E36 /* PlayerExplosion.sks */ = {isa = PBXFileReference; lastKnownFileType = file.sks; path = PlayerExplosion.sks; sourceTree = "<group>"; };
		0FB7D8E725B6E19700309E36 /* spark.png */ = {isa = PBXFileReference; lastKnownFileType = image.png; path = spark.png; sourceTree = "<group>"; };
/* End PBXFileReference section */

/* Begin PBXFrameworksBuildPhase section */
		0FB7D8C325B6E0F100309E36 /* Frameworks */ = {
			isa = PBXFrameworksBuildPhase;
			buildActionMask = 2147483647;
			files = (
			);
			runOnlyForDeploymentPostprocessing = 0;
		};
/* End PBXFrameworksBuildPhase section */

/* Begin PBXGroup section */
		0FB7D8BD25B6E0F100309E36 = {
			isa = PBXGroup;
			children = (
				0FB7D8C825B6E0F100309E36 /* Project36-CrashyPlane */,
				0FB7D8C725B6E0F100309E36 /* Products */,
			);
			sourceTree = "<group>";
		};
		0FB7D8C725B6E0F100309E36 /* Products */ = {
			isa = PBXGroup;
			children = (
				0FB7D8C625B6E0F100309E36 /* Project36-CrashyPlane.app */,
			);
			name = Products;
			sourceTree = "<group>";
		};
		0FB7D8C825B6E0F100309E36 /* Project36-CrashyPlane */ = {
			isa = PBXGroup;
			children = (
				0FB7D8E225B6E18600309E36 /* Content */,
				0FB7D8C925B6E0F100309E36 /* AppDelegate.swift */,
				0FB7D8CB25B6E0F100309E36 /* GameScene.sks */,
				0FB7D8CF25B6E0F100309E36 /* GameScene.swift */,
				0FB7D8D125B6E0F100309E36 /* GameViewController.swift */,
				0FB7D8D325B6E0F100309E36 /* Main.storyboard */,
				0FB7D8D625B6E0F400309E36 /* Assets.xcassets */,
				0FB7D8D825B6E0F400309E36 /* Info.plist */,
			);
			path = "Project36-CrashyPlane";
			sourceTree = "<group>";
		};
		0FB7D8E225B6E18600309E36 /* Content */ = {
			isa = PBXGroup;
			children = (
				0FB7D8E325B6E19700309E36 /* coin.wav */,
				0FB7D8E425B6E19700309E36 /* explosion.wav */,
				0FB7D8E525B6E19700309E36 /* music.m4a */,
				0FB7D8E625B6E19700309E36 /* PlayerExplosion.sks */,
				0FB7D8E725B6E19700309E36 /* spark.png */,
			);
			path = Content;
			sourceTree = "<group>";
		};
/* End PBXGroup section */

/* Begin PBXNativeTarget section */
		0FB7D8C525B6E0F100309E36 /* Project36-CrashyPlane */ = {
			isa = PBXNativeTarget;
			buildConfigurationList = 0FB7D8DB25B6E0F400309E36 /* Build configuration list for PBXNativeTarget "Project36-CrashyPlane" */;
			buildPhases = (
				0FB7D8C225B6E0F100309E36 /* Sources */,
				0FB7D8C325B6E0F100309E36 /* Frameworks */,
				0FB7D8C425B6E0F100309E36 /* Resources */,
			);
			buildRules = (
			);
			dependencies = (
			);
			name = "Project36-CrashyPlane";
			productName = "Project36-CrashyPlane";
			productReference = 0FB7D8C625B6E0F100309E36 /* Project36-CrashyPlane.app */;
			productType = "com.apple.product-type.application";
		};
/* End PBXNativeTarget section */

/* Begin PBXProject section */
		0FB7D8BE25B6E0F100309E36 /* Project object */ = {
			isa = PBXProject;
			attributes = {
				LastSwiftUpdateCheck = 1230;
				LastUpgradeCheck = 1230;
				TargetAttributes = {
					0FB7D8C525B6E0F100309E36 = {
						CreatedOnToolsVersion = 12.3;
					};
				};
			};
			buildConfigurationList = 0FB7D8C125B6E0F100309E36 /* Build configuration list for PBXProject "Project36-CrashyPlane" */;
			compatibilityVersion = "Xcode 9.3";
			developmentRegion = en;
			hasScannedForEncodings = 0;
			knownRegions = (
				en,
				Base,
			);
			mainGroup = 0FB7D8BD25B6E0F100309E36;
			productRefGroup = 0FB7D8C725B6E0F100309E36 /* Products */;
			projectDirPath = "";
			projectRoot = "";
			targets = (
				0FB7D8C525B6E0F100309E36 /* Project36-CrashyPlane */,
			);
		};
/* End PBXProject section */

/* Begin PBXResourcesBuildPhase section */
		0FB7D8C425B6E0F100309E36 /* Resources */ = {
			isa = PBXResourcesBuildPhase;
			buildActionMask = 2147483647;
			files = (
				0FB7D8E925B6E19700309E36 /* explosion.wav in Resources */,
				0FB7D8D525B6E0F100309E36 /* Main.storyboard in Resources */,
				0FB7D8EA25B6E19700309E36 /* music.m4a in Resources */,
				0FB7D8E825B6E19700309E36 /* coin.wav in Resources */,
				0FB7D8EB25B6E19700309E36 /* PlayerExplosion.sks in Resources */,
				0FB7D8EC25B6E19700309E36 /* spark.png in Resources */,
				0FB7D8CC25B6E0F100309E36 /* GameScene.sks in Resources */,
				0FB7D8D725B6E0F400309E36 /* Assets.xcassets in Resources */,
			);
			runOnlyForDeploymentPostprocessing = 0;
		};
/* End PBXResourcesBuildPhase section */

/* Begin PBXSourcesBuildPhase section */
		0FB7D8C225B6E0F100309E36 /* Sources */ = {
			isa = PBXSourcesBuildPhase;
			buildActionMask = 2147483647;
			files = (
				0FB7D8D025B6E0F100309E36 /* GameScene.swift in Sources */,
				0FB7D8D225B6E0F100309E36 /* GameViewController.swift in Sources */,
				0FB7D8CA25B6E0F100309E36 /* AppDelegate.swift in Sources */,
			);
			runOnlyForDeploymentPostprocessing = 0;
		};
/* End PBXSourcesBuildPhase section */

/* Begin PBXVariantGroup section */
		0FB7D8D325B6E0F100309E36 /* Main.storyboard */ = {
			isa = PBXVariantGroup;
			children = (
				0FB7D8D425B6E0F100309E36 /* Base */,
			);
			name = Main.storyboard;
			sourceTree = "<group>";
		};
/* End PBXVariantGroup section */

/* Begin XCBuildConfiguration section */
		0FB7D8D925B6E0F400309E36 /* Debug */ = {
			isa = XCBuildConfiguration;
			buildSettings = {
				ALWAYS_SEARCH_USER_PATHS = NO;
				CLANG_ANALYZER_NONNULL = YES;
				CLANG_ANALYZER_NUMBER_OBJECT_CONVERSION = YES_AGGRESSIVE;
				CLANG_CXX_LANGUAGE_STANDARD = "gnu++14";
				CLANG_CXX_LIBRARY = "libc++";
				CLANG_ENABLE_MODULES = YES;
				CLANG_ENABLE_OBJC_ARC = YES;
				CLANG_ENABLE_OBJC_WEAK = YES;
				CLANG_WARN_BLOCK_CAPTURE_AUTORELEASING = YES;
				CLANG_WARN_BOOL_CONVERSION = YES;
				CLANG_WARN_COMMA = YES;
				CLANG_WARN_CONSTANT_CONVERSION = YES;
				CLANG_WARN_DEPRECATED_OBJC_IMPLEMENTATIONS = YES;
				CLANG_WARN_DIRECT_OBJC_ISA_USAGE = YES_ERROR;
				CLANG_WARN_DOCUMENTATION_COMMENTS = YES;
				CLANG_WARN_EMPTY_BODY = YES;
				CLANG_WARN_ENUM_CONVERSION = YES;
				CLANG_WARN_INFINITE_RECURSION = YES;
				CLANG_WARN_INT_CONVERSION = YES;
				CLANG_WARN_NON_LITERAL_NULL_CONVERSION = YES;
				CLANG_WARN_OBJC_IMPLICIT_RETAIN_SELF = YES;
				CLANG_WARN_OBJC_LITERAL_CONVERSION = YES;
				CLANG_WARN_OBJC_ROOT_CLASS = YES_ERROR;
				CLANG_WARN_QUOTED_INCLUDE_IN_FRAMEWORK_HEADER = YES;
				CLANG_WARN_RANGE_LOOP_ANALYSIS = YES;
				CLANG_WARN_STRICT_PROTOTYPES = YES;
				CLANG_WARN_SUSPICIOUS_MOVE = YES;
				CLANG_WARN_UNGUARDED_AVAILABILITY = YES_AGGRESSIVE;
				CLANG_WARN_UNREACHABLE_CODE = YES;
				CLANG_WARN__DUPLICATE_METHOD_MATCH = YES;
				COPY_PHASE_STRIP = NO;
				DEBUG_INFORMATION_FORMAT = dwarf;
				ENABLE_STRICT_OBJC_MSGSEND = YES;
				ENABLE_TESTABILITY = YES;
				GCC_C_LANGUAGE_STANDARD = gnu11;
				GCC_DYNAMIC_NO_PIC = NO;
				GCC_NO_COMMON_BLOCKS = YES;
				GCC_OPTIMIZATION_LEVEL = 0;
				GCC_PREPROCESSOR_DEFINITIONS = (
					"DEBUG=1",
					"$(inherited)",
				);
				GCC_WARN_64_TO_32_BIT_CONVERSION = YES;
				GCC_WARN_ABOUT_RETURN_TYPE = YES_ERROR;
				GCC_WARN_UNDECLARED_SELECTOR = YES;
				GCC_WARN_UNINITIALIZED_AUTOS = YES_AGGRESSIVE;
				GCC_WARN_UNUSED_FUNCTION = YES;
				GCC_WARN_UNUSED_VARIABLE = YES;
				IPHONEOS_DEPLOYMENT_TARGET = 14.3;
				MTL_ENABLE_DEBUG_INFO = INCLUDE_SOURCE;
				MTL_FAST_MATH = YES;
				ONLY_ACTIVE_ARCH = YES;
				SDKROOT = iphoneos;
				SWIFT_ACTIVE_COMPILATION_CONDITIONS = DEBUG;
				SWIFT_OPTIMIZATION_LEVEL = "-Onone";
			};
			name = Debug;
		};
		0FB7D8DA25B6E0F400309E36 /* Release */ = {
			isa = XCBuildConfiguration;
			buildSettings = {
				ALWAYS_SEARCH_USER_PATHS = NO;
				CLANG_ANALYZER_NONNULL = YES;
				CLANG_ANALYZER_NUMBER_OBJECT_CONVERSION = YES_AGGRESSIVE;
				CLANG_CXX_LANGUAGE_STANDARD = "gnu++14";
				CLANG_CXX_LIBRARY = "libc++";
				CLANG_ENABLE_MODULES = YES;
				CLANG_ENABLE_OBJC_ARC = YES;
				CLANG_ENABLE_OBJC_WEAK = YES;
				CLANG_WARN_BLOCK_CAPTURE_AUTORELEASING = YES;
				CLANG_WARN_BOOL_CONVERSION = YES;
				CLANG_WARN_COMMA = YES;
				CLANG_WARN_CONSTANT_CONVERSION = YES;
				CLANG_WARN_DEPRECATED_OBJC_IMPLEMENTATIONS = YES;
				CLANG_WARN_DIRECT_OBJC_ISA_USAGE = YES_ERROR;
				CLANG_WARN_DOCUMENTATION_COMMENTS = YES;
				CLANG_WARN_EMPTY_BODY = YES;
				CLANG_WARN_ENUM_CONVERSION = YES;
				CLANG_WARN_INFINITE_RECURSION = YES;
				CLANG_WARN_INT_CONVERSION = YES;
				CLANG_WARN_NON_LITERAL_NULL_CONVERSION = YES;
				CLANG_WARN_OBJC_IMPLICIT_RETAIN_SELF = YES;
				CLANG_WARN_OBJC_LITERAL_CONVERSION = YES;
				CLANG_WARN_OBJC_ROOT_CLASS = YES_ERROR;
				CLANG_WARN_QUOTED_INCLUDE_IN_FRAMEWORK_HEADER = YES;
				CLANG_WARN_RANGE_LOOP_ANALYSIS = YES;
				CLANG_WARN_STRICT_PROTOTYPES = YES;
				CLANG_WARN_SUSPICIOUS_MOVE = YES;
				CLANG_WARN_UNGUARDED_AVAILABILITY = YES_AGGRESSIVE;
				CLANG_WARN_UNREACHABLE_CODE = YES;
				CLANG_WARN__DUPLICATE_METHOD_MATCH = YES;
				COPY_PHASE_STRIP = NO;
				DEBUG_INFORMATION_FORMAT = "dwarf-with-dsym";
				ENABLE_NS_ASSERTIONS = NO;
				ENABLE_STRICT_OBJC_MSGSEND = YES;
				GCC_C_LANGUAGE_STANDARD = gnu11;
				GCC_NO_COMMON_BLOCKS = YES;
				GCC_WARN_64_TO_32_BIT_CONVERSION = YES;
				GCC_WARN_ABOUT_RETURN_TYPE = YES_ERROR;
				GCC_WARN_UNDECLARED_SELECTOR = YES;
				GCC_WARN_UNINITIALIZED_AUTOS = YES_AGGRESSIVE;
				GCC_WARN_UNUSED_FUNCTION = YES;
				GCC_WARN_UNUSED_VARIABLE = YES;
				IPHONEOS_DEPLOYMENT_TARGET = 14.3;
				MTL_ENABLE_DEBUG_INFO = NO;
				MTL_FAST_MATH = YES;
				SDKROOT = iphoneos;
				SWIFT_COMPILATION_MODE = wholemodule;
				SWIFT_OPTIMIZATION_LEVEL = "-O";
				VALIDATE_PRODUCT = YES;
			};
			name = Release;
		};
		0FB7D8DC25B6E0F400309E36 /* Debug */ = {
			isa = XCBuildConfiguration;
			buildSettings = {
				ASSETCATALOG_COMPILER_APPICON_NAME = AppIcon;
				ASSETCATALOG_COMPILER_GLOBAL_ACCENT_COLOR_NAME = AccentColor;
				CODE_SIGN_STYLE = Automatic;
				DEVELOPMENT_TEAM = ZU6CF5F4PX;
				INFOPLIST_FILE = "Project36-CrashyPlane/Info.plist";
				LD_RUNPATH_SEARCH_PATHS = (
					"$(inherited)",
					"@executable_path/Frameworks",
				);
				PRODUCT_BUNDLE_IDENTIFIER = "ch.arnaudmiguet.Project20-FireworksNight";
				PRODUCT_NAME = "$(TARGET_NAME)";
				SWIFT_VERSION = 5.0;
				TARGETED_DEVICE_FAMILY = 1;
			};
			name = Debug;
		};
		0FB7D8DD25B6E0F400309E36 /* Release */ = {
			isa = XCBuildConfiguration;
			buildSettings = {
				ASSETCATALOG_COMPILER_APPICON_NAME = AppIcon;
				ASSETCATALOG_COMPILER_GLOBAL_ACCENT_COLOR_NAME = AccentColor;
				CODE_SIGN_STYLE = Automatic;
				DEVELOPMENT_TEAM = ZU6CF5F4PX;
				INFOPLIST_FILE = "Project36-CrashyPlane/Info.plist";
				LD_RUNPATH_SEARCH_PATHS = (
					"$(inherited)",
					"@executable_path/Frameworks",
				);
				PRODUCT_BUNDLE_IDENTIFIER = "ch.arnaudmiguet.Project20-FireworksNight";
				PRODUCT_NAME = "$(TARGET_NAME)";
				SWIFT_VERSION = 5.0;
				TARGETED_DEVICE_FAMILY = 1;
			};
			name = Release;
		};
/* End XCBuildConfiguration section */

/* Begin XCConfigurationList section */
		0FB7D8C125B6E0F100309E36 /* Build configuration list for PBXProject "Project36-CrashyPlane" */ = {
			isa = XCConfigurationList;
			buildConfigurations = (
				0FB7D8D925B6E0F400309E36 /* Debug */,
				0FB7D8DA25B6E0F400309E36 /* Release */,
			);
			defaultConfigurationIsVisible = 0;
			defaultConfigurationName = Release;
		};
		0FB7D8DB25B6E0F400309E36 /* Build configuration list for PBXNativeTarget "Project36-CrashyPlane" */ = {
			isa = XCConfigurationList;
			buildConfigurations = (
				0FB7D8DC25B6E0F400309E36 /* Debug */,
				0FB7D8DD25B6E0F400309E36 /* Release */,
			);
			defaultConfigurationIsVisible = 0;
			defaultConfigurationName = Release;
		};
/* End XCConfigurationList section */
	};
	rootObject = 0FB7D8BE25B6E0F100309E36 /* Project object */;
}
